// !$*UTF8*$!
{
	archiveVersion = 1;
	classes = {
	};
	objectVersion = 55;
	objects = {

/* Begin PBXBuildFile section */
		B81BB10126F109E900BC028D /* PlantCatalog.swift in Sources */ = {isa = PBXBuildFile; fileRef = B81BB10026F109E900BC028D /* PlantCatalog.swift */; };
		B8CE940E26D84C82002990E7 /* GardenCenterApp.swift in Sources */ = {isa = PBXBuildFile; fileRef = B8CE940D26D84C82002990E7 /* GardenCenterApp.swift */; };
		B8CE941026D84C82002990E7 /* ContentView.swift in Sources */ = {isa = PBXBuildFile; fileRef = B8CE940F26D84C82002990E7 /* ContentView.swift */; };
		B8CE941226D84C83002990E7 /* Assets.xcassets in Resources */ = {isa = PBXBuildFile; fileRef = B8CE941126D84C83002990E7 /* Assets.xcassets */; };
		B8CE941526D84C83002990E7 /* Preview Assets.xcassets in Resources */ = {isa = PBXBuildFile; fileRef = B8CE941426D84C83002990E7 /* Preview Assets.xcassets */; };
		B8CE941F26D84C83002990E7 /* GardenCenterTests.swift in Sources */ = {isa = PBXBuildFile; fileRef = B8CE941E26D84C83002990E7 /* GardenCenterTests.swift */; };
		B8CE942926D84C83002990E7 /* GardenCenterUITests.swift in Sources */ = {isa = PBXBuildFile; fileRef = B8CE942826D84C83002990E7 /* GardenCenterUITests.swift */; };
		B8CE942B26D84C83002990E7 /* GardenCenterUITestsLaunchTests.swift in Sources */ = {isa = PBXBuildFile; fileRef = B8CE942A26D84C83002990E7 /* GardenCenterUITestsLaunchTests.swift */; };
		B8CE943826D84CBA002990E7 /* GardenPlantSupport.swift in Sources */ = {isa = PBXBuildFile; fileRef = B8CE943726D84CBA002990E7 /* GardenPlantSupport.swift */; };
/* End PBXBuildFile section */

/* Begin PBXContainerItemProxy section */
		B8CE941B26D84C83002990E7 /* PBXContainerItemProxy */ = {
			isa = PBXContainerItemProxy;
			containerPortal = B8CE940226D84C82002990E7 /* Project object */;
			proxyType = 1;
			remoteGlobalIDString = B8CE940926D84C82002990E7;
			remoteInfo = GardenCenter;
		};
		B8CE942526D84C83002990E7 /* PBXContainerItemProxy */ = {
			isa = PBXContainerItemProxy;
			containerPortal = B8CE940226D84C82002990E7 /* Project object */;
			proxyType = 1;
			remoteGlobalIDString = B8CE940926D84C82002990E7;
			remoteInfo = GardenCenter;
		};
/* End PBXContainerItemProxy section */

/* Begin PBXFileReference section */
		B81BB10026F109E900BC028D /* PlantCatalog.swift */ = {isa = PBXFileReference; lastKnownFileType = sourcecode.swift; path = PlantCatalog.swift; sourceTree = "<group>"; };
		B8CE940A26D84C82002990E7 /* GardenCenter.app */ = {isa = PBXFileReference; explicitFileType = wrapper.application; includeInIndex = 0; path = GardenCenter.app; sourceTree = BUILT_PRODUCTS_DIR; };
		B8CE940D26D84C82002990E7 /* GardenCenterApp.swift */ = {isa = PBXFileReference; lastKnownFileType = sourcecode.swift; path = GardenCenterApp.swift; sourceTree = "<group>"; };
		B8CE940F26D84C82002990E7 /* ContentView.swift */ = {isa = PBXFileReference; lastKnownFileType = sourcecode.swift; path = ContentView.swift; sourceTree = "<group>"; };
		B8CE941126D84C83002990E7 /* Assets.xcassets */ = {isa = PBXFileReference; lastKnownFileType = folder.assetcatalog; path = Assets.xcassets; sourceTree = "<group>"; };
		B8CE941426D84C83002990E7 /* Preview Assets.xcassets */ = {isa = PBXFileReference; lastKnownFileType = folder.assetcatalog; path = "Preview Assets.xcassets"; sourceTree = "<group>"; };
		B8CE941A26D84C83002990E7 /* GardenCenterTests.xctest */ = {isa = PBXFileReference; explicitFileType = wrapper.cfbundle; includeInIndex = 0; path = GardenCenterTests.xctest; sourceTree = BUILT_PRODUCTS_DIR; };
		B8CE941E26D84C83002990E7 /* GardenCenterTests.swift */ = {isa = PBXFileReference; lastKnownFileType = sourcecode.swift; path = GardenCenterTests.swift; sourceTree = "<group>"; };
		B8CE942426D84C83002990E7 /* GardenCenterUITests.xctest */ = {isa = PBXFileReference; explicitFileType = wrapper.cfbundle; includeInIndex = 0; path = GardenCenterUITests.xctest; sourceTree = BUILT_PRODUCTS_DIR; };
		B8CE942826D84C83002990E7 /* GardenCenterUITests.swift */ = {isa = PBXFileReference; lastKnownFileType = sourcecode.swift; path = GardenCenterUITests.swift; sourceTree = "<group>"; };
		B8CE942A26D84C83002990E7 /* GardenCenterUITestsLaunchTests.swift */ = {isa = PBXFileReference; lastKnownFileType = sourcecode.swift; path = GardenCenterUITestsLaunchTests.swift; sourceTree = "<group>"; };
		B8CE943726D84CBA002990E7 /* GardenPlantSupport.swift */ = {isa = PBXFileReference; lastKnownFileType = sourcecode.swift; path = GardenPlantSupport.swift; sourceTree = "<group>"; };
/* End PBXFileReference section */

/* Begin PBXFrameworksBuildPhase section */
		B8CE940726D84C82002990E7 /* Frameworks */ = {
			isa = PBXFrameworksBuildPhase;
			buildActionMask = 2147483647;
			files = (
			);
			runOnlyForDeploymentPostprocessing = 0;
		};
		B8CE941726D84C83002990E7 /* Frameworks */ = {
			isa = PBXFrameworksBuildPhase;
			buildActionMask = 2147483647;
			files = (
			);
			runOnlyForDeploymentPostprocessing = 0;
		};
		B8CE942126D84C83002990E7 /* Frameworks */ = {
			isa = PBXFrameworksBuildPhase;
			buildActionMask = 2147483647;
			files = (
			);
			runOnlyForDeploymentPostprocessing = 0;
		};
/* End PBXFrameworksBuildPhase section */

/* Begin PBXGroup section */
		B8CE940126D84C82002990E7 = {
			isa = PBXGroup;
			children = (
				B8CE940C26D84C82002990E7 /* GardenCenter */,
				B8CE941D26D84C83002990E7 /* GardenCenterTests */,
				B8CE942726D84C83002990E7 /* GardenCenterUITests */,
				B8CE940B26D84C82002990E7 /* Products */,
			);
			sourceTree = "<group>";
		};
		B8CE940B26D84C82002990E7 /* Products */ = {
			isa = PBXGroup;
			children = (
				B8CE940A26D84C82002990E7 /* GardenCenter.app */,
				B8CE941A26D84C83002990E7 /* GardenCenterTests.xctest */,
				B8CE942426D84C83002990E7 /* GardenCenterUITests.xctest */,
			);
			name = Products;
			sourceTree = "<group>";
		};
		B8CE940C26D84C82002990E7 /* GardenCenter */ = {
			isa = PBXGroup;
			children = (
				B8CE940D26D84C82002990E7 /* GardenCenterApp.swift */,
				B8CE940F26D84C82002990E7 /* ContentView.swift */,
				B8CE941126D84C83002990E7 /* Assets.xcassets */,
				B8CE941326D84C83002990E7 /* Preview Content */,
				B8CE943726D84CBA002990E7 /* GardenPlantSupport.swift */,
				B81BB10026F109E900BC028D /* PlantCatalog.swift */,
			);
			path = GardenCenter;
			sourceTree = "<group>";
		};
		B8CE941326D84C83002990E7 /* Preview Content */ = {
			isa = PBXGroup;
			children = (
				B8CE941426D84C83002990E7 /* Preview Assets.xcassets */,
			);
			path = "Preview Content";
			sourceTree = "<group>";
		};
		B8CE941D26D84C83002990E7 /* GardenCenterTests */ = {
			isa = PBXGroup;
			children = (
				B8CE941E26D84C83002990E7 /* GardenCenterTests.swift */,
			);
			path = GardenCenterTests;
			sourceTree = "<group>";
		};
		B8CE942726D84C83002990E7 /* GardenCenterUITests */ = {
			isa = PBXGroup;
			children = (
				B8CE942826D84C83002990E7 /* GardenCenterUITests.swift */,
				B8CE942A26D84C83002990E7 /* GardenCenterUITestsLaunchTests.swift */,
			);
			path = GardenCenterUITests;
			sourceTree = "<group>";
		};
/* End PBXGroup section */

/* Begin PBXNativeTarget section */
		B8CE940926D84C82002990E7 /* GardenCenter */ = {
			isa = PBXNativeTarget;
			buildConfigurationList = B8CE942E26D84C83002990E7 /* Build configuration list for PBXNativeTarget "GardenCenter" */;
			buildPhases = (
				B8CE940626D84C82002990E7 /* Sources */,
				B8CE940726D84C82002990E7 /* Frameworks */,
				B8CE940826D84C82002990E7 /* Resources */,
			);
			buildRules = (
			);
			dependencies = (
			);
			name = GardenCenter;
			productName = GardenCenter;
			productReference = B8CE940A26D84C82002990E7 /* GardenCenter.app */;
			productType = "com.apple.product-type.application";
		};
		B8CE941926D84C83002990E7 /* GardenCenterTests */ = {
			isa = PBXNativeTarget;
			buildConfigurationList = B8CE943126D84C83002990E7 /* Build configuration list for PBXNativeTarget "GardenCenterTests" */;
			buildPhases = (
				B8CE941626D84C83002990E7 /* Sources */,
				B8CE941726D84C83002990E7 /* Frameworks */,
				B8CE941826D84C83002990E7 /* Resources */,
			);
			buildRules = (
			);
			dependencies = (
				B8CE941C26D84C83002990E7 /* PBXTargetDependency */,
			);
			name = GardenCenterTests;
			productName = GardenCenterTests;
			productReference = B8CE941A26D84C83002990E7 /* GardenCenterTests.xctest */;
			productType = "com.apple.product-type.bundle.unit-test";
		};
		B8CE942326D84C83002990E7 /* GardenCenterUITests */ = {
			isa = PBXNativeTarget;
			buildConfigurationList = B8CE943426D84C83002990E7 /* Build configuration list for PBXNativeTarget "GardenCenterUITests" */;
			buildPhases = (
				B8CE942026D84C83002990E7 /* Sources */,
				B8CE942126D84C83002990E7 /* Frameworks */,
				B8CE942226D84C83002990E7 /* Resources */,
			);
			buildRules = (
			);
			dependencies = (
				B8CE942626D84C83002990E7 /* PBXTargetDependency */,
			);
			name = GardenCenterUITests;
			productName = GardenCenterUITests;
			productReference = B8CE942426D84C83002990E7 /* GardenCenterUITests.xctest */;
			productType = "com.apple.product-type.bundle.ui-testing";
		};
/* End PBXNativeTarget section */

/* Begin PBXProject section */
		B8CE940226D84C82002990E7 /* Project object */ = {
			isa = PBXProject;
			attributes = {
				BuildIndependentTargetsInParallel = 1;
				LastSwiftUpdateCheck = 1300;
				LastUpgradeCheck = 1300;
				TargetAttributes = {
					B8CE940926D84C82002990E7 = {
						CreatedOnToolsVersion = 13.0;
					};
					B8CE941926D84C83002990E7 = {
						CreatedOnToolsVersion = 13.0;
						TestTargetID = B8CE940926D84C82002990E7;
					};
					B8CE942326D84C83002990E7 = {
						CreatedOnToolsVersion = 13.0;
						TestTargetID = B8CE940926D84C82002990E7;
					};
				};
			};
			buildConfigurationList = B8CE940526D84C82002990E7 /* Build configuration list for PBXProject "GardenCenter" */;
			compatibilityVersion = "Xcode 13.0";
			developmentRegion = en;
			hasScannedForEncodings = 0;
			knownRegions = (
				en,
				Base,
			);
			mainGroup = B8CE940126D84C82002990E7;
			productRefGroup = B8CE940B26D84C82002990E7 /* Products */;
			projectDirPath = "";
			projectRoot = "";
			targets = (
				B8CE940926D84C82002990E7 /* GardenCenter */,
				B8CE941926D84C83002990E7 /* GardenCenterTests */,
				B8CE942326D84C83002990E7 /* GardenCenterUITests */,
			);
		};
/* End PBXProject section */

/* Begin PBXResourcesBuildPhase section */
		B8CE940826D84C82002990E7 /* Resources */ = {
			isa = PBXResourcesBuildPhase;
			buildActionMask = 2147483647;
			files = (
				B8CE941526D84C83002990E7 /* Preview Assets.xcassets in Resources */,
				B8CE941226D84C83002990E7 /* Assets.xcassets in Resources */,
			);
			runOnlyForDeploymentPostprocessing = 0;
		};
		B8CE941826D84C83002990E7 /* Resources */ = {
			isa = PBXResourcesBuildPhase;
			buildActionMask = 2147483647;
			files = (
			);
			runOnlyForDeploymentPostprocessing = 0;
		};
		B8CE942226D84C83002990E7 /* Resources */ = {
			isa = PBXResourcesBuildPhase;
			buildActionMask = 2147483647;
			files = (
			);
			runOnlyForDeploymentPostprocessing = 0;
		};
/* End PBXResourcesBuildPhase section */

/* Begin PBXSourcesBuildPhase section */
		B8CE940626D84C82002990E7 /* Sources */ = {
			isa = PBXSourcesBuildPhase;
			buildActionMask = 2147483647;
			files = (
				B8CE941026D84C82002990E7 /* ContentView.swift in Sources */,
				B8CE943826D84CBA002990E7 /* GardenPlantSupport.swift in Sources */,
				B8CE940E26D84C82002990E7 /* GardenCenterApp.swift in Sources */,
				B81BB10126F109E900BC028D /* PlantCatalog.swift in Sources */,
			);
			runOnlyForDeploymentPostprocessing = 0;
		};
		B8CE941626D84C83002990E7 /* Sources */ = {
			isa = PBXSourcesBuildPhase;
			buildActionMask = 2147483647;
			files = (
				B8CE941F26D84C83002990E7 /* GardenCenterTests.swift in Sources */,
			);
			runOnlyForDeploymentPostprocessing = 0;
		};
		B8CE942026D84C83002990E7 /* Sources */ = {
			isa = PBXSourcesBuildPhase;
			buildActionMask = 2147483647;
			files = (
				B8CE942B26D84C83002990E7 /* GardenCenterUITestsLaunchTests.swift in Sources */,
				B8CE942926D84C83002990E7 /* GardenCenterUITests.swift in Sources */,
			);
			runOnlyForDeploymentPostprocessing = 0;
		};
/* End PBXSourcesBuildPhase section */

/* Begin PBXTargetDependency section */
		B8CE941C26D84C83002990E7 /* PBXTargetDependency */ = {
			isa = PBXTargetDependency;
			target = B8CE940926D84C82002990E7 /* GardenCenter */;
			targetProxy = B8CE941B26D84C83002990E7 /* PBXContainerItemProxy */;
		};
		B8CE942626D84C83002990E7 /* PBXTargetDependency */ = {
			isa = PBXTargetDependency;
			target = B8CE940926D84C82002990E7 /* GardenCenter */;
			targetProxy = B8CE942526D84C83002990E7 /* PBXContainerItemProxy */;
		};
/* End PBXTargetDependency section */

/* Begin XCBuildConfiguration section */
		B8CE942C26D84C83002990E7 /* Debug */ = {
			isa = XCBuildConfiguration;
			buildSettings = {
				ALWAYS_SEARCH_USER_PATHS = NO;
				CLANG_ANALYZER_NONNULL = YES;
				CLANG_ANALYZER_NUMBER_OBJECT_CONVERSION = YES_AGGRESSIVE;
				CLANG_CXX_LANGUAGE_STANDARD = "gnu++17";
				CLANG_CXX_LIBRARY = "libc++";
				CLANG_ENABLE_MODULES = YES;
				CLANG_ENABLE_OBJC_ARC = YES;
				CLANG_ENABLE_OBJC_WEAK = YES;
				CLANG_WARN_BLOCK_CAPTURE_AUTORELEASING = YES;
				CLANG_WARN_BOOL_CONVERSION = YES;
				CLANG_WARN_COMMA = YES;
				CLANG_WARN_CONSTANT_CONVERSION = YES;
				CLANG_WARN_DEPRECATED_OBJC_IMPLEMENTATIONS = YES;
				CLANG_WARN_DIRECT_OBJC_ISA_USAGE = YES_ERROR;
				CLANG_WARN_DOCUMENTATION_COMMENTS = YES;
				CLANG_WARN_EMPTY_BODY = YES;
				CLANG_WARN_ENUM_CONVERSION = YES;
				CLANG_WARN_INFINITE_RECURSION = YES;
				CLANG_WARN_INT_CONVERSION = YES;
				CLANG_WARN_NON_LITERAL_NULL_CONVERSION = YES;
				CLANG_WARN_OBJC_IMPLICIT_RETAIN_SELF = YES;
				CLANG_WARN_OBJC_LITERAL_CONVERSION = YES;
				CLANG_WARN_OBJC_ROOT_CLASS = YES_ERROR;
				CLANG_WARN_QUOTED_INCLUDE_IN_FRAMEWORK_HEADER = YES;
				CLANG_WARN_RANGE_LOOP_ANALYSIS = YES;
				CLANG_WARN_STRICT_PROTOTYPES = YES;
				CLANG_WARN_SUSPICIOUS_MOVE = YES;
				CLANG_WARN_UNGUARDED_AVAILABILITY = YES_AGGRESSIVE;
				CLANG_WARN_UNREACHABLE_CODE = YES;
				CLANG_WARN__DUPLICATE_METHOD_MATCH = YES;
				COPY_PHASE_STRIP = NO;
				DEBUG_INFORMATION_FORMAT = dwarf;
				ENABLE_STRICT_OBJC_MSGSEND = YES;
				ENABLE_TESTABILITY = YES;
				GCC_C_LANGUAGE_STANDARD = gnu11;
				GCC_DYNAMIC_NO_PIC = NO;
				GCC_NO_COMMON_BLOCKS = YES;
				GCC_OPTIMIZATION_LEVEL = 0;
				GCC_PREPROCESSOR_DEFINITIONS = (
					"DEBUG=1",
					"$(inherited)",
				);
				GCC_WARN_64_TO_32_BIT_CONVERSION = YES;
				GCC_WARN_ABOUT_RETURN_TYPE = YES_ERROR;
				GCC_WARN_UNDECLARED_SELECTOR = YES;
				GCC_WARN_UNINITIALIZED_AUTOS = YES_AGGRESSIVE;
				GCC_WARN_UNUSED_FUNCTION = YES;
				GCC_WARN_UNUSED_VARIABLE = YES;
				IPHONEOS_DEPLOYMENT_TARGET = 15.0;
				MTL_ENABLE_DEBUG_INFO = INCLUDE_SOURCE;
				MTL_FAST_MATH = YES;
				ONLY_ACTIVE_ARCH = YES;
				SDKROOT = iphoneos;
				SWIFT_ACTIVE_COMPILATION_CONDITIONS = DEBUG;
				SWIFT_OPTIMIZATION_LEVEL = "-Onone";
			};
			name = Debug;
		};
		B8CE942D26D84C83002990E7 /* Release */ = {
			isa = XCBuildConfiguration;
			buildSettings = {
				ALWAYS_SEARCH_USER_PATHS = NO;
				CLANG_ANALYZER_NONNULL = YES;
				CLANG_ANALYZER_NUMBER_OBJECT_CONVERSION = YES_AGGRESSIVE;
				CLANG_CXX_LANGUAGE_STANDARD = "gnu++17";
				CLANG_CXX_LIBRARY = "libc++";
				CLANG_ENABLE_MODULES = YES;
				CLANG_ENABLE_OBJC_ARC = YES;
				CLANG_ENABLE_OBJC_WEAK = YES;
				CLANG_WARN_BLOCK_CAPTURE_AUTORELEASING = YES;
				CLANG_WARN_BOOL_CONVERSION = YES;
				CLANG_WARN_COMMA = YES;
				CLANG_WARN_CONSTANT_CONVERSION = YES;
				CLANG_WARN_DEPRECATED_OBJC_IMPLEMENTATIONS = YES;
				CLANG_WARN_DIRECT_OBJC_ISA_USAGE = YES_ERROR;
				CLANG_WARN_DOCUMENTATION_COMMENTS = YES;
				CLANG_WARN_EMPTY_BODY = YES;
				CLANG_WARN_ENUM_CONVERSION = YES;
				CLANG_WARN_INFINITE_RECURSION = YES;
				CLANG_WARN_INT_CONVERSION = YES;
				CLANG_WARN_NON_LITERAL_NULL_CONVERSION = YES;
				CLANG_WARN_OBJC_IMPLICIT_RETAIN_SELF = YES;
				CLANG_WARN_OBJC_LITERAL_CONVERSION = YES;
				CLANG_WARN_OBJC_ROOT_CLASS = YES_ERROR;
				CLANG_WARN_QUOTED_INCLUDE_IN_FRAMEWORK_HEADER = YES;
				CLANG_WARN_RANGE_LOOP_ANALYSIS = YES;
				CLANG_WARN_STRICT_PROTOTYPES = YES;
				CLANG_WARN_SUSPICIOUS_MOVE = YES;
				CLANG_WARN_UNGUARDED_AVAILABILITY = YES_AGGRESSIVE;
				CLANG_WARN_UNREACHABLE_CODE = YES;
				CLANG_WARN__DUPLICATE_METHOD_MATCH = YES;
				COPY_PHASE_STRIP = NO;
				DEBUG_INFORMATION_FORMAT = "dwarf-with-dsym";
				ENABLE_NS_ASSERTIONS = NO;
				ENABLE_STRICT_OBJC_MSGSEND = YES;
				GCC_C_LANGUAGE_STANDARD = gnu11;
				GCC_NO_COMMON_BLOCKS = YES;
				GCC_WARN_64_TO_32_BIT_CONVERSION = YES;
				GCC_WARN_ABOUT_RETURN_TYPE = YES_ERROR;
				GCC_WARN_UNDECLARED_SELECTOR = YES;
				GCC_WARN_UNINITIALIZED_AUTOS = YES_AGGRESSIVE;
				GCC_WARN_UNUSED_FUNCTION = YES;
				GCC_WARN_UNUSED_VARIABLE = YES;
				IPHONEOS_DEPLOYMENT_TARGET = 15.0;
				MTL_ENABLE_DEBUG_INFO = NO;
				MTL_FAST_MATH = YES;
				SDKROOT = iphoneos;
				SWIFT_COMPILATION_MODE = wholemodule;
				SWIFT_OPTIMIZATION_LEVEL = "-O";
				VALIDATE_PRODUCT = YES;
			};
			name = Release;
		};
		B8CE942F26D84C83002990E7 /* Debug */ = {
			isa = XCBuildConfiguration;
			buildSettings = {
				ASSETCATALOG_COMPILER_APPICON_NAME = AppIcon;
				ASSETCATALOG_COMPILER_GLOBAL_ACCENT_COLOR_NAME = AccentColor;
				CODE_SIGN_STYLE = Automatic;
				CURRENT_PROJECT_VERSION = 1;
				DEVELOPMENT_ASSET_PATHS = "\"GardenCenter/Preview Content\"";
				DEVELOPMENT_TEAM = 9NS6J6GG28;
				ENABLE_PREVIEWS = YES;
				GENERATE_INFOPLIST_FILE = YES;
				INFOPLIST_KEY_UIApplicationSceneManifest_Generation = YES;
				INFOPLIST_KEY_UIApplicationSupportsIndirectInputEvents = YES;
				INFOPLIST_KEY_UILaunchScreen_Generation = YES;
				INFOPLIST_KEY_UISupportedInterfaceOrientations_iPad = "UIInterfaceOrientationPortrait UIInterfaceOrientationPortraitUpsideDown UIInterfaceOrientationLandscapeLeft UIInterfaceOrientationLandscapeRight";
				INFOPLIST_KEY_UISupportedInterfaceOrientations_iPhone = "UIInterfaceOrientationPortrait UIInterfaceOrientationLandscapeLeft UIInterfaceOrientationLandscapeRight";
				IPHONEOS_DEPLOYMENT_TARGET = 14.0;
				LD_RUNPATH_SEARCH_PATHS = (
					"$(inherited)",
					"@executable_path/Frameworks",
				);
				MARKETING_VERSION = 1.0;
				PRODUCT_BUNDLE_IDENTIFIER = com.wileyco.hellowileydemo1.GardenCenter;
				PRODUCT_NAME = "$(TARGET_NAME)";
				SWIFT_EMIT_LOC_STRINGS = YES;
				SWIFT_VERSION = 5.0;
				TARGETED_DEVICE_FAMILY = "1,2";
			};
			name = Debug;
		};
		B8CE943026D84C83002990E7 /* Release */ = {
			isa = XCBuildConfiguration;
			buildSettings = {
				ASSETCATALOG_COMPILER_APPICON_NAME = AppIcon;
				ASSETCATALOG_COMPILER_GLOBAL_ACCENT_COLOR_NAME = AccentColor;
				CODE_SIGN_STYLE = Automatic;
				CURRENT_PROJECT_VERSION = 1;
				DEVELOPMENT_ASSET_PATHS = "\"GardenCenter/Preview Content\"";
				DEVELOPMENT_TEAM = 9NS6J6GG28;
				ENABLE_PREVIEWS = YES;
				GENERATE_INFOPLIST_FILE = YES;
				INFOPLIST_KEY_UIApplicationSceneManifest_Generation = YES;
				INFOPLIST_KEY_UIApplicationSupportsIndirectInputEvents = YES;
				INFOPLIST_KEY_UILaunchScreen_Generation = YES;
				INFOPLIST_KEY_UISupportedInterfaceOrientations_iPad = "UIInterfaceOrientationPortrait UIInterfaceOrientationPortraitUpsideDown UIInterfaceOrientationLandscapeLeft UIInterfaceOrientationLandscapeRight";
				INFOPLIST_KEY_UISupportedInterfaceOrientations_iPhone = "UIInterfaceOrientationPortrait UIInterfaceOrientationLandscapeLeft UIInterfaceOrientationLandscapeRight";
				IPHONEOS_DEPLOYMENT_TARGET = 14.0;
				LD_RUNPATH_SEARCH_PATHS = (
					"$(inherited)",
					"@executable_path/Frameworks",
				);
				MARKETING_VERSION = 1.0;
				PRODUCT_BUNDLE_IDENTIFIER = com.wileyco.hellowileydemo1.GardenCenter;
				PRODUCT_NAME = "$(TARGET_NAME)";
				SWIFT_EMIT_LOC_STRINGS = YES;
				SWIFT_VERSION = 5.0;
				TARGETED_DEVICE_FAMILY = "1,2";
			};
			name = Release;
		};
		B8CE943226D84C83002990E7 /* Debug */ = {
			isa = XCBuildConfiguration;
			buildSettings = {
				ALWAYS_EMBED_SWIFT_STANDARD_LIBRARIES = YES;
				BUNDLE_LOADER = "$(TEST_HOST)";
				CODE_SIGN_STYLE = Automatic;
				CURRENT_PROJECT_VERSION = 1;
				DEVELOPMENT_TEAM = 9NS6J6GG28;
				GENERATE_INFOPLIST_FILE = YES;
				IPHONEOS_DEPLOYMENT_TARGET = 14.0;
				LD_RUNPATH_SEARCH_PATHS = (
					"$(inherited)",
					"@executable_path/Frameworks",
					"@loader_path/Frameworks",
				);
				MARKETING_VERSION = 1.0;
				PRODUCT_BUNDLE_IDENTIFIER = com.wileyco.hellowileydemo1.GardenCenterTests;
				PRODUCT_NAME = "$(TARGET_NAME)";
				SWIFT_EMIT_LOC_STRINGS = NO;
				SWIFT_VERSION = 5.0;
				TARGETED_DEVICE_FAMILY = "1,2";
				TEST_HOST = "$(BUILT_PRODUCTS_DIR)/GardenCenter.app/GardenCenter";
			};
			name = Debug;
		};
		B8CE943326D84C83002990E7 /* Release */ = {
			isa = XCBuildConfiguration;
			buildSettings = {
				ALWAYS_EMBED_SWIFT_STANDARD_LIBRARIES = YES;
				BUNDLE_LOADER = "$(TEST_HOST)";
				CODE_SIGN_STYLE = Automatic;
				CURRENT_PROJECT_VERSION = 1;
				DEVELOPMENT_TEAM = 9NS6J6GG28;
				GENERATE_INFOPLIST_FILE = YES;
				IPHONEOS_DEPLOYMENT_TARGET = 14.0;
				LD_RUNPATH_SEARCH_PATHS = (
					"$(inherited)",
					"@executable_path/Frameworks",
					"@loader_path/Frameworks",
				);
				MARKETING_VERSION = 1.0;
				PRODUCT_BUNDLE_IDENTIFIER = com.wileyco.hellowileydemo1.GardenCenterTests;
				PRODUCT_NAME = "$(TARGET_NAME)";
				SWIFT_EMIT_LOC_STRINGS = NO;
				SWIFT_VERSION = 5.0;
				TARGETED_DEVICE_FAMILY = "1,2";
				TEST_HOST = "$(BUILT_PRODUCTS_DIR)/GardenCenter.app/GardenCenter";
			};
			name = Release;
		};
		B8CE943526D84C83002990E7 /* Debug */ = {
			isa = XCBuildConfiguration;
			buildSettings = {
				ALWAYS_EMBED_SWIFT_STANDARD_LIBRARIES = YES;
				CODE_SIGN_STYLE = Automatic;
				CURRENT_PROJECT_VERSION = 1;
				DEVELOPMENT_TEAM = 9NS6J6GG28;
				GENERATE_INFOPLIST_FILE = YES;
				LD_RUNPATH_SEARCH_PATHS = (
					"$(inherited)",
					"@executable_path/Frameworks",
					"@loader_path/Frameworks",
				);
				MARKETING_VERSION = 1.0;
				PRODUCT_BUNDLE_IDENTIFIER = com.wileyco.hellowileydemo1.GardenCenterUITests;
				PRODUCT_NAME = "$(TARGET_NAME)";
				SWIFT_EMIT_LOC_STRINGS = NO;
				SWIFT_VERSION = 5.0;
				TARGETED_DEVICE_FAMILY = "1,2";
				TEST_TARGET_NAME = GardenCenter;
			};
			name = Debug;
		};
		B8CE943626D84C83002990E7 /* Release */ = {
			isa = XCBuildConfiguration;
			buildSettings = {
				ALWAYS_EMBED_SWIFT_STANDARD_LIBRARIES = YES;
				CODE_SIGN_STYLE = Automatic;
				CURRENT_PROJECT_VERSION = 1;
				DEVELOPMENT_TEAM = 9NS6J6GG28;
				GENERATE_INFOPLIST_FILE = YES;
				LD_RUNPATH_SEARCH_PATHS = (
					"$(inherited)",
					"@executable_path/Frameworks",
					"@loader_path/Frameworks",
				);
				MARKETING_VERSION = 1.0;
				PRODUCT_BUNDLE_IDENTIFIER = com.wileyco.hellowileydemo1.GardenCenterUITests;
				PRODUCT_NAME = "$(TARGET_NAME)";
				SWIFT_EMIT_LOC_STRINGS = NO;
				SWIFT_VERSION = 5.0;
				TARGETED_DEVICE_FAMILY = "1,2";
				TEST_TARGET_NAME = GardenCenter;
			};
			name = Release;
		};
/* End XCBuildConfiguration section */

/* Begin XCConfigurationList section */
		B8CE940526D84C82002990E7 /* Build configuration list for PBXProject "GardenCenter" */ = {
			isa = XCConfigurationList;
			buildConfigurations = (
				B8CE942C26D84C83002990E7 /* Debug */,
				B8CE942D26D84C83002990E7 /* Release */,
			);
			defaultConfigurationIsVisible = 0;
			defaultConfigurationName = Release;
		};
		B8CE942E26D84C83002990E7 /* Build configuration list for PBXNativeTarget "GardenCenter" */ = {
			isa = XCConfigurationList;
			buildConfigurations = (
				B8CE942F26D84C83002990E7 /* Debug */,
				B8CE943026D84C83002990E7 /* Release */,
			);
			defaultConfigurationIsVisible = 0;
			defaultConfigurationName = Release;
		};
		B8CE943126D84C83002990E7 /* Build configuration list for PBXNativeTarget "GardenCenterTests" */ = {
			isa = XCConfigurationList;
			buildConfigurations = (
				B8CE943226D84C83002990E7 /* Debug */,
				B8CE943326D84C83002990E7 /* Release */,
			);
			defaultConfigurationIsVisible = 0;
			defaultConfigurationName = Release;
		};
		B8CE943426D84C83002990E7 /* Build configuration list for PBXNativeTarget "GardenCenterUITests" */ = {
			isa = XCConfigurationList;
			buildConfigurations = (
				B8CE943526D84C83002990E7 /* Debug */,
				B8CE943626D84C83002990E7 /* Release */,
			);
			defaultConfigurationIsVisible = 0;
			defaultConfigurationName = Release;
		};
/* End XCConfigurationList section */
	};
	rootObject = B8CE940226D84C82002990E7 /* Project object */;
}
